{
  "originHash" : "e364af98c3f10e1eb2a9039d121cce8065e89f567e898d117b2a2644a6d27853",
  "pins" : [
    {
      "identity" : "wwappfirstinstall",
      "kind" : "remoteSourceControl",
      "location" : "https://github.com/William-Weng/WWAppFirstInstall",
      "state" : {
        "revision" : "faa7f295c255ef03704bb832c76d904b5f9a8a7a",
        "version" : "1.0.1"
      }
    },
    {
      "identity" : "wwkeychain",
      "kind" : "remoteSourceControl",
      "location" : "https://github.com/William-Weng/WWKeychain",
      "state" : {
        "revision" : "bcefd4b55c2a7edb2c61fe0fa6916ea3a297bf30",
        "version" : "1.0.4"
      }
    },
    {
      "identity" : "wwprint",
      "kind" : "remoteSourceControl",
      "location" : "https://github.com/William-Weng/WWPrint",
      "state" : {
        "revision" : "8f5928f5d36624d77f8fc563fd8e31a59cfac6b6",
        "version" : "1.3.1"
      }
    }
  ],
  "version" : 3
}
