{
  "pins" : [
    {
      "identity" : "wwappfirstinstall",
      "kind" : "remoteSourceControl",
      "location" : "https://github.com/William-Weng/WWAppFirstInstall",
      "state" : {
        "revision" : "19e8f3488f714549a5ccf67871ff131d026428b2",
        "version" : "1.0.0"
      }
    },
    {
      "identity" : "wwkeychain",
      "kind" : "remoteSourceControl",
      "location" : "https://github.com/William-Weng/WWKeychain",
      "state" : {
        "revision" : "bcefd4b55c2a7edb2c61fe0fa6916ea3a297bf30",
        "version" : "1.0.4"
      }
    },
    {
      "identity" : "wwprint",
      "kind" : "remoteSourceControl",
      "location" : "https://github.com/William-Weng/WWPrint",
      "state" : {
        "revision" : "8f5928f5d36624d77f8fc563fd8e31a59cfac6b6",
        "version" : "1.3.1"
      }
    }
  ],
  "version" : 2
}
